
Microsoft Visual Studio Solution File, Format Version 12.00
# Visual Studio Version 17
VisualStudioVersion = 17.5.002.0
MinimumVisualStudioVersion = 10.0.40219.1
Project("{9A19103F-16F7-4668-BE54-9A1E7A4F7556}") = "liebo", "liebo.csproj", "{7DD84016-56F7-41A0-9B76-D76643962A07}"
EndProject
Global
	GlobalSection(SolutionConfigurationPlatforms) = preSolution
		Debug|Any CPU = Debug|Any CPU
		Release|Any CPU = Release|Any CPU
	EndGlobalSection
	GlobalSection(ProjectConfigurationPlatforms) = postSolution
		{7DD84016-56F7-41A0-9B76-D76643962A07}.Debug|Any CPU.ActiveCfg = Debug|Any CPU
		{7DD84016-56F7-41A0-9B76-D76643962A07}.Debug|Any CPU.Build.0 = Debug|Any CPU
		{7DD84016-56F7-41A0-9B76-D76643962A07}.Release|Any CPU.ActiveCfg = Release|Any CPU
		{7DD84016-56F7-41A0-9B76-D76643962A07}.Release|Any CPU.Build.0 = Release|Any CPU
	EndGlobalSection
	GlobalSection(SolutionProperties) = preSolution
		HideSolutionNode = FALSE
	EndGlobalSection
	GlobalSection(ExtensibilityGlobals) = postSolution
		SolutionGuid = {17D1FEE6-5B54-4BBE-9402-FCE14A5E971B}
	EndGlobalSection
EndGlobal
